
Microsoft Visual Studio Solution File, Format Version 12.00
# Visual Studio 15
VisualStudioVersion = 15.0.26124.0
MinimumVisualStudioVersion = 15.0.26124.0
Project("{2150E333-8FDC-42A3-9474-1A3956D46DE8}") = "src", "src", "{871BC57A-1C2A-4D74-B9EA-8A3A61C701C0}"
EndProject
Project("{FAE04EC0-301F-11D3-BF4B-00C04F79EFBC}") = "SimpleAPI", "src\SimpleAPI\SimpleAPI.csproj", "{CCF1E754-BC99-4454-AF2F-2C11E8802CB9}"
EndProject
Project("{2150E333-8FDC-42A3-9474-1A3956D46DE8}") = "test", "test", "{4C5C1589-BA86-4D2F-AB7D-2E6A1E1848E6}"
EndProject
Project("{FAE04EC0-301F-11D3-BF4B-00C04F79EFBC}") = "SimpleAPI.Test", "test\SimpleAPI.Test\SimpleAPI.Test.csproj", "{337A548E-FD53-440F-B9B7-77C4D6824148}"
EndProject
Global
	GlobalSection(SolutionConfigurationPlatforms) = preSolution
		Debug|Any CPU = Debug|Any CPU
		Debug|x64 = Debug|x64
		Debug|x86 = Debug|x86
		Release|Any CPU = Release|Any CPU
		Release|x64 = Release|x64
		Release|x86 = Release|x86
	EndGlobalSection
	GlobalSection(SolutionProperties) = preSolution
		HideSolutionNode = FALSE
	EndGlobalSection
	GlobalSection(ProjectConfigurationPlatforms) = postSolution
		{CCF1E754-BC99-4454-AF2F-2C11E8802CB9}.Debug|Any CPU.ActiveCfg = Debug|Any CPU
		{CCF1E754-BC99-4454-AF2F-2C11E8802CB9}.Debug|Any CPU.Build.0 = Debug|Any CPU
		{CCF1E754-BC99-4454-AF2F-2C11E8802CB9}.Debug|x64.ActiveCfg = Debug|Any CPU
		{CCF1E754-BC99-4454-AF2F-2C11E8802CB9}.Debug|x64.Build.0 = Debug|Any CPU
		{CCF1E754-BC99-4454-AF2F-2C11E8802CB9}.Debug|x86.ActiveCfg = Debug|Any CPU
		{CCF1E754-BC99-4454-AF2F-2C11E8802CB9}.Debug|x86.Build.0 = Debug|Any CPU
		{CCF1E754-BC99-4454-AF2F-2C11E8802CB9}.Release|Any CPU.ActiveCfg = Release|Any CPU
		{CCF1E754-BC99-4454-AF2F-2C11E8802CB9}.Release|Any CPU.Build.0 = Release|Any CPU
		{CCF1E754-BC99-4454-AF2F-2C11E8802CB9}.Release|x64.ActiveCfg = Release|Any CPU
		{CCF1E754-BC99-4454-AF2F-2C11E8802CB9}.Release|x64.Build.0 = Release|Any CPU
		{CCF1E754-BC99-4454-AF2F-2C11E8802CB9}.Release|x86.ActiveCfg = Release|Any CPU
		{CCF1E754-BC99-4454-AF2F-2C11E8802CB9}.Release|x86.Build.0 = Release|Any CPU
		{337A548E-FD53-440F-B9B7-77C4D6824148}.Debug|Any CPU.ActiveCfg = Debug|Any CPU
		{337A548E-FD53-440F-B9B7-77C4D6824148}.Debug|Any CPU.Build.0 = Debug|Any CPU
		{337A548E-FD53-440F-B9B7-77C4D6824148}.Debug|x64.ActiveCfg = Debug|Any CPU
		{337A548E-FD53-440F-B9B7-77C4D6824148}.Debug|x64.Build.0 = Debug|Any CPU
		{337A548E-FD53-440F-B9B7-77C4D6824148}.Debug|x86.ActiveCfg = Debug|Any CPU
		{337A548E-FD53-440F-B9B7-77C4D6824148}.Debug|x86.Build.0 = Debug|Any CPU
		{337A548E-FD53-440F-B9B7-77C4D6824148}.Release|Any CPU.ActiveCfg = Release|Any CPU
		{337A548E-FD53-440F-B9B7-77C4D6824148}.Release|Any CPU.Build.0 = Release|Any CPU
		{337A548E-FD53-440F-B9B7-77C4D6824148}.Release|x64.ActiveCfg = Release|Any CPU
		{337A548E-FD53-440F-B9B7-77C4D6824148}.Release|x64.Build.0 = Release|Any CPU
		{337A548E-FD53-440F-B9B7-77C4D6824148}.Release|x86.ActiveCfg = Release|Any CPU
		{337A548E-FD53-440F-B9B7-77C4D6824148}.Release|x86.Build.0 = Release|Any CPU
	EndGlobalSection
	GlobalSection(NestedProjects) = preSolution
		{CCF1E754-BC99-4454-AF2F-2C11E8802CB9} = {871BC57A-1C2A-4D74-B9EA-8A3A61C701C0}
		{337A548E-FD53-440F-B9B7-77C4D6824148} = {4C5C1589-BA86-4D2F-AB7D-2E6A1E1848E6}
	EndGlobalSection
EndGlobal
